<?xml version="1.0" encoding="UTF-8" standalone="yes" ?>
<CodeBlocks_project_file>
	<FileVersion major="1" minor="6" />
	<Project>
		<Option title="ned" />
		<Option makefile_is_custom="1" />
		<Option execution_dir="../../../master" />
		<Option pch_mode="2" />
		<Option compiler="gcc" />
		<MakeCommands>
			<Build command="$make -f $makefile $target" />
			<CompileFile command="$make -f $makefile $file" />
			<Clean command="$make -f $makefile clean" />
			<DistClean command="$make -f $makefile distclean$target" />
			<AskRebuildNeeded command="$make -q -f $makefile $target" />
			<SilentBuild command="$make -f $makefile $target &gt; $(CMD_NULL)" />
		</MakeCommands>
		<Build>
			<Target title="Release">
				<Option output="../../example/bin/linux-x86_64/example" prefix_auto="1" extension_auto="1" />
				<Option working_dir="../../example/iocBoot/iocexample" />
				<Option object_output="obj/Release/" />
				<Option type="1" />
				<Option compiler="gcc" />
				<Option parameters="st.cmd" />
				<Compiler>
					<Add option="-O2" />
				</Compiler>
				<Linker>
					<Add option="-s" />
				</Linker>
				<MakeCommands>
					<Build command="$make -f $makefile -j2" />
					<CompileFile command="$make -f $makefile $file" />
					<Clean command="$make -f $makefile clean" />
					<DistClean command="$make -f $makefile distclean$target" />
					<AskRebuildNeeded command="$make -q -f $makefile $target" />
					<SilentBuild command="$make -f $makefile -j2 &gt; $(CMD_NULL)" />
				</MakeCommands>
			</Target>
		</Build>
		<Compiler>
			<Add option="-Wall" />
		</Compiler>
		<Unit filename="AcpcFemPlugin.cpp" />
		<Unit filename="AcpcFemPlugin.h" />
		<Unit filename="AcpcFemPlugin_v22.cpp" />
		<Unit filename="AcpcPlugin.cpp" />
		<Unit filename="AcpcPlugin.h" />
		<Unit filename="AcpcPlugin_v144.cpp" />
		<Unit filename="AcpcPvaPlugin.cpp" />
		<Unit filename="AcpcPvaPlugin.h" />
		<Unit filename="AdaraPlugin.cpp" />
		<Unit filename="AdaraPlugin.h" />
		<Unit filename="AdcRocPlugin.cpp" />
		<Unit filename="AdcRocPlugin.h" />
		<Unit filename="AdcRocPlugin_v02.cpp" />
		<Unit filename="AdcRocPlugin_v03.cpp" />
		<Unit filename="ApplyConfig.st" />
		<Unit filename="ArocPlugin.cpp" />
		<Unit filename="ArocPlugin.h" />
		<Unit filename="ArocPlugin_v23.cpp" />
		<Unit filename="BaseCircularBuffer.cpp" />
		<Unit filename="BaseCircularBuffer.h" />
		<Unit filename="BaseDispatcherPlugin.cpp" />
		<Unit filename="BaseDispatcherPlugin.h" />
		<Unit filename="BaseModulePlugin.cpp" />
		<Unit filename="BaseModulePlugin.h" />
		<Unit filename="BasePlugin.cpp" />
		<Unit filename="BasePlugin.h" />
		<Unit filename="BasePvaPlugin.cpp" />
		<Unit filename="BasePvaPlugin.h" />
		<Unit filename="BaseSocketPlugin.cpp" />
		<Unit filename="BaseSocketPlugin.h" />
		<Unit filename="CircularBuffer.cpp" />
		<Unit filename="CircularBuffer.h" />
		<Unit filename="CmdDispatcher.cpp" />
		<Unit filename="CmdDispatcher.h" />
		<Unit filename="Common.cpp" />
		<Unit filename="Common.h" />
		<Unit filename="DasPacket.cpp" />
		<Unit filename="DasPacket.h" />
		<Unit filename="DasPacketList.cpp" />
		<Unit filename="DasPacketList.h" />
		<Unit filename="DebugPlugin.cpp" />
		<Unit filename="DebugPlugin.h" />
		<Unit filename="DiscoverPlugin.cpp" />
		<Unit filename="DiscoverPlugin.h" />
		<Unit filename="DmaCircularBuffer.cpp" />
		<Unit filename="DmaCircularBuffer.h" />
		<Unit filename="DmaCopier.cpp" />
		<Unit filename="DmaCopier.h" />
		<Unit filename="DspPlugin.cpp" />
		<Unit filename="DspPlugin.h" />
		<Unit filename="DspPlugin_v63.cpp" />
		<Unit filename="DspPlugin_v64.cpp" />
		<Unit filename="DumpPlugin.cpp" />
		<Unit filename="DumpPlugin.h" />
		<Unit filename="EpicsRegister.h" />
		<Unit filename="FemPlugin.cpp" />
		<Unit filename="FemPlugin.h" />
		<Unit filename="FemPlugin_v32.cpp" />
		<Unit filename="FemPlugin_v35.cpp" />
		<Unit filename="FemPlugin_v36.cpp" />
		<Unit filename="FemPlugin_v37.cpp" />
		<Unit filename="Fifo.h" />
		<Unit filename="GlobalCon.st" />
		<Unit filename="Log.h" />
		<Unit filename="OccPortDriver.cpp" />
		<Unit filename="OccPortDriver.h" />
		<Unit filename="PixelMapPlugin.cpp" />
		<Unit filename="PixelMapPlugin.h" />
		<Unit filename="ProxyPlugin.cpp" />
		<Unit filename="ProxyPlugin.h" />
		<Unit filename="PvaMetaData.cpp" />
		<Unit filename="PvaMetaData.h" />
		<Unit filename="PvaNeutronData.cpp" />
		<Unit filename="PvaNeutronData.h" />
		<Unit filename="RocPlugin.cpp" />
		<Unit filename="RocPlugin.h" />
		<Unit filename="RocPlugin_v45.cpp" />
		<Unit filename="RocPlugin_v47.cpp" />
		<Unit filename="RocPlugin_v51.cpp" />
		<Unit filename="RocPlugin_v52.cpp" />
		<Unit filename="RocPlugin_v54.cpp" />
		<Unit filename="RocPlugin_v56.cpp" />
		<Unit filename="RocPlugin_v57.cpp" />
		<Unit filename="RocPvaPlugin.cpp" />
		<Unit filename="RocPvaPlugin.h" />
		<Unit filename="RtdlHeader.h" />
		<Unit filename="RtdlPlugin.cpp" />
		<Unit filename="RtdlPlugin.h" />
		<Unit filename="StatPlugin.cpp" />
		<Unit filename="StatPlugin.h" />
		<Unit filename="StateMachine.h" />
		<Unit filename="Thread.cpp" />
		<Unit filename="Thread.h" />
		<Unit filename="Timer.cpp" />
		<Unit filename="Timer.h" />
		<Unit filename="main.cpp" />
		<Unit filename="unittest/testCircularBuffer.cpp" />
		<Extensions>
			<code_completion />
			<envvars set="default" />
			<debugger />
		</Extensions>
	</Project>
</CodeBlocks_project_file>
